{
  "name": "tool-demo-script-skill",
  "version": "0.1.0",
  "lockfileVersion": 3,
  "requires": true,
  "packages": {
    "": {
      "name": "tool-demo-script-skill",
      "version": "0.1.0",
      "license": "MIT",
      "bin": {
        "tool-demo-script": "bin/tool-demo-script.js"
      }
    }
  }
}
